
Microsoft Visual Studio Solution File, Format Version 12.00
# Visual Studio 14
VisualStudioVersion = 14.0.25420.1
MinimumVisualStudioVersion = 10.0.40219.1
Project("{FAE04EC0-301F-11D3-BF4B-00C04F79EFBC}") = "Task1Console", "Task1Console\Task1Console.csproj", "{133E27CC-A280-4878-B082-6966ECC3607F}"
EndProject
Project("{FAE04EC0-301F-11D3-BF4B-00C04F79EFBC}") = "Task1WinForms", "Task1WinForms\Task1WinForms.csproj", "{EEA669E1-9212-41CA-864E-F69186CBE8EC}"
EndProject
Project("{FAE04EC0-301F-11D3-BF4B-00C04F79EFBC}") = "Task1WPF", "Task1WPF\Task1WPF.csproj", "{9D02158F-30EB-4C08-B7BB-2E0770571A36}"
EndProject
Project("{FAE04EC0-301F-11D3-BF4B-00C04F79EFBC}") = "Task2Console", "Task2Console\Task2Console.csproj", "{2D8559D5-8B7F-472B-9E17-AE9A0D6475E3}"
EndProject
Project("{FAE04EC0-301F-11D3-BF4B-00C04F79EFBC}") = "Task2WinForms", "Task2WinForms\Task2WinForms.csproj", "{D18E258F-A942-4AC8-8235-64A98E441E4A}"
EndProject
Project("{FAE04EC0-301F-11D3-BF4B-00C04F79EFBC}") = "Task2WPF", "Task2WPF\Task2WPF.csproj", "{6DBEA183-EBF1-4E74-A15F-C5E291377507}"
EndProject
Project("{FAE04EC0-301F-11D3-BF4B-00C04F79EFBC}") = "Task3Console", "Task3Console\Task3Console.csproj", "{A340C531-83C6-4FAC-9CD1-008FCFAC8886}"
EndProject
Project("{FAE04EC0-301F-11D3-BF4B-00C04F79EFBC}") = "Task3WinForms", "Task3WinForms\Task3WinForms.csproj", "{B84A3A7A-C9D7-4765-8200-6B3E4BEC21D3}"
EndProject
Project("{FAE04EC0-301F-11D3-BF4B-00C04F79EFBC}") = "Task3WPF", "Task3WPF\Task3WPF.csproj", "{CD5B0A80-1FC8-4B1F-B852-DBF0A931FDD1}"
EndProject
Project("{FAE04EC0-301F-11D3-BF4B-00C04F79EFBC}") = "Task4Console", "Task4Console\Task4Console.csproj", "{388DA88C-10BF-4428-82AB-0E815F35B44E}"
EndProject
Project("{FAE04EC0-301F-11D3-BF4B-00C04F79EFBC}") = "Task4WinForms", "Task4WinForms\Task4WinForms.csproj", "{9FAD8FFD-6468-4C95-A1B2-7D6BFE564130}"
EndProject
Project("{FAE04EC0-301F-11D3-BF4B-00C04F79EFBC}") = "Task4WPF", "Task4WPF\Task4WPF.csproj", "{0652AA21-0AFE-4013-B579-E1896D0EEF99}"
EndProject
Project("{FAE04EC0-301F-11D3-BF4B-00C04F79EFBC}") = "Task5WinForms", "Task5WinForms\Task5WinForms.csproj", "{BB24142D-3150-4255-9285-26035EA94D2C}"
EndProject
Project("{FAE04EC0-301F-11D3-BF4B-00C04F79EFBC}") = "Task5WPF", "Task5WPF\Task5WPF.csproj", "{4ADC0FDE-B1D2-484A-B319-32ED6F31F45A}"
EndProject
Project("{FAE04EC0-301F-11D3-BF4B-00C04F79EFBC}") = "Task5Console1", "Task5Console1\Task5Console1.csproj", "{D1EC5A74-6CDB-47A0-A2EE-21DA6D5D5015}"
EndProject
Project("{FAE04EC0-301F-11D3-BF4B-00C04F79EFBC}") = "QuadEquationConsole", "QuadEquationConsole\QuadEquationConsole.csproj", "{7A9B608A-DC43-4CA0-89CF-4538B5FA0897}"
EndProject
Project("{FAE04EC0-301F-11D3-BF4B-00C04F79EFBC}") = "QuadEquationWinForm", "QuadEquationWinForm\QuadEquationWinForm.csproj", "{D7D719E1-2563-4499-B1E5-D10B69C938DB}"
EndProject
Project("{FAE04EC0-301F-11D3-BF4B-00C04F79EFBC}") = "QuadEquationWPF", "QuadEquationWPF\QuadEquationWPF.csproj", "{5CB41D77-7604-4ECE-A8B3-8A01F508602F}"
EndProject
Project("{FAE04EC0-301F-11D3-BF4B-00C04F79EFBC}") = "ForConsole1", "ForConsole1\ForConsole1.csproj", "{5887D54A-AC50-4273-88A0-789975A08A08}"
EndProject
Project("{FAE04EC0-301F-11D3-BF4B-00C04F79EFBC}") = "ForConsole2", "ForConsole2\ForConsole2.csproj", "{0A15768D-1D36-4284-971D-C27F2D5EE0B5}"
EndProject
Project("{FAE04EC0-301F-11D3-BF4B-00C04F79EFBC}") = "ForConsole3", "ForConsole3\ForConsole3.csproj", "{661BD580-B7E6-4B89-9BF3-AFCE3659617A}"
EndProject
Project("{FAE04EC0-301F-11D3-BF4B-00C04F79EFBC}") = "ForConsole4", "ForConsole4\ForConsole4.csproj", "{18BA7893-EDE0-44A5-A886-556B0324B297}"
EndProject
Project("{FAE04EC0-301F-11D3-BF4B-00C04F79EFBC}") = "ForConsole5", "ForConsole5\ForConsole5.csproj", "{64CF0272-F69B-423B-B0A1-C1466A5239D1}"
EndProject
Project("{FAE04EC0-301F-11D3-BF4B-00C04F79EFBC}") = "ForConsole7", "ForConsole7\ForConsole7.csproj", "{363A187B-B289-46C2-8040-37F8AA442313}"
EndProject
Project("{FAE04EC0-301F-11D3-BF4B-00C04F79EFBC}") = "WhileConsole1", "WhileConsole1\WhileConsole1.csproj", "{4113E355-4600-49ED-804D-B0E0498A6B89}"
EndProject
Project("{FAE04EC0-301F-11D3-BF4B-00C04F79EFBC}") = "WhileConsole2", "WhileConsole2\WhileConsole2.csproj", "{1814738C-0D57-4A0D-91C3-430182A5D6AE}"
EndProject
Project("{FAE04EC0-301F-11D3-BF4B-00C04F79EFBC}") = "ForConsole6", "ForConsole006\ForConsole6.csproj", "{60054DD9-A2E0-460A-ABBA-872132DFE8CF}"
EndProject
Project("{FAE04EC0-301F-11D3-BF4B-00C04F79EFBC}") = "DoWhileConsole1", "DoWhileConsole1\DoWhileConsole1.csproj", "{29491BCE-6821-4715-B09B-96C7B86A2705}"
EndProject
Global
	GlobalSection(SolutionConfigurationPlatforms) = preSolution
		Debug|Any CPU = Debug|Any CPU
		Release|Any CPU = Release|Any CPU
	EndGlobalSection
	GlobalSection(ProjectConfigurationPlatforms) = postSolution
		{133E27CC-A280-4878-B082-6966ECC3607F}.Debug|Any CPU.ActiveCfg = Debug|Any CPU
		{133E27CC-A280-4878-B082-6966ECC3607F}.Debug|Any CPU.Build.0 = Debug|Any CPU
		{133E27CC-A280-4878-B082-6966ECC3607F}.Release|Any CPU.ActiveCfg = Release|Any CPU
		{133E27CC-A280-4878-B082-6966ECC3607F}.Release|Any CPU.Build.0 = Release|Any CPU
		{EEA669E1-9212-41CA-864E-F69186CBE8EC}.Debug|Any CPU.ActiveCfg = Debug|Any CPU
		{EEA669E1-9212-41CA-864E-F69186CBE8EC}.Debug|Any CPU.Build.0 = Debug|Any CPU
		{EEA669E1-9212-41CA-864E-F69186CBE8EC}.Release|Any CPU.ActiveCfg = Release|Any CPU
		{EEA669E1-9212-41CA-864E-F69186CBE8EC}.Release|Any CPU.Build.0 = Release|Any CPU
		{9D02158F-30EB-4C08-B7BB-2E0770571A36}.Debug|Any CPU.ActiveCfg = Debug|Any CPU
		{9D02158F-30EB-4C08-B7BB-2E0770571A36}.Debug|Any CPU.Build.0 = Debug|Any CPU
		{9D02158F-30EB-4C08-B7BB-2E0770571A36}.Release|Any CPU.ActiveCfg = Release|Any CPU
		{9D02158F-30EB-4C08-B7BB-2E0770571A36}.Release|Any CPU.Build.0 = Release|Any CPU
		{2D8559D5-8B7F-472B-9E17-AE9A0D6475E3}.Debug|Any CPU.ActiveCfg = Debug|Any CPU
		{2D8559D5-8B7F-472B-9E17-AE9A0D6475E3}.Debug|Any CPU.Build.0 = Debug|Any CPU
		{2D8559D5-8B7F-472B-9E17-AE9A0D6475E3}.Release|Any CPU.ActiveCfg = Release|Any CPU
		{2D8559D5-8B7F-472B-9E17-AE9A0D6475E3}.Release|Any CPU.Build.0 = Release|Any CPU
		{D18E258F-A942-4AC8-8235-64A98E441E4A}.Debug|Any CPU.ActiveCfg = Debug|Any CPU
		{D18E258F-A942-4AC8-8235-64A98E441E4A}.Debug|Any CPU.Build.0 = Debug|Any CPU
		{D18E258F-A942-4AC8-8235-64A98E441E4A}.Release|Any CPU.ActiveCfg = Release|Any CPU
		{D18E258F-A942-4AC8-8235-64A98E441E4A}.Release|Any CPU.Build.0 = Release|Any CPU
		{6DBEA183-EBF1-4E74-A15F-C5E291377507}.Debug|Any CPU.ActiveCfg = Debug|Any CPU
		{6DBEA183-EBF1-4E74-A15F-C5E291377507}.Debug|Any CPU.Build.0 = Debug|Any CPU
		{6DBEA183-EBF1-4E74-A15F-C5E291377507}.Release|Any CPU.ActiveCfg = Release|Any CPU
		{6DBEA183-EBF1-4E74-A15F-C5E291377507}.Release|Any CPU.Build.0 = Release|Any CPU
		{A340C531-83C6-4FAC-9CD1-008FCFAC8886}.Debug|Any CPU.ActiveCfg = Debug|Any CPU
		{A340C531-83C6-4FAC-9CD1-008FCFAC8886}.Debug|Any CPU.Build.0 = Debug|Any CPU
		{A340C531-83C6-4FAC-9CD1-008FCFAC8886}.Release|Any CPU.ActiveCfg = Release|Any CPU
		{A340C531-83C6-4FAC-9CD1-008FCFAC8886}.Release|Any CPU.Build.0 = Release|Any CPU
		{B84A3A7A-C9D7-4765-8200-6B3E4BEC21D3}.Debug|Any CPU.ActiveCfg = Debug|Any CPU
		{B84A3A7A-C9D7-4765-8200-6B3E4BEC21D3}.Debug|Any CPU.Build.0 = Debug|Any CPU
		{B84A3A7A-C9D7-4765-8200-6B3E4BEC21D3}.Release|Any CPU.ActiveCfg = Release|Any CPU
		{B84A3A7A-C9D7-4765-8200-6B3E4BEC21D3}.Release|Any CPU.Build.0 = Release|Any CPU
		{CD5B0A80-1FC8-4B1F-B852-DBF0A931FDD1}.Debug|Any CPU.ActiveCfg = Debug|Any CPU
		{CD5B0A80-1FC8-4B1F-B852-DBF0A931FDD1}.Debug|Any CPU.Build.0 = Debug|Any CPU
		{CD5B0A80-1FC8-4B1F-B852-DBF0A931FDD1}.Release|Any CPU.ActiveCfg = Release|Any CPU
		{CD5B0A80-1FC8-4B1F-B852-DBF0A931FDD1}.Release|Any CPU.Build.0 = Release|Any CPU
		{388DA88C-10BF-4428-82AB-0E815F35B44E}.Debug|Any CPU.ActiveCfg = Debug|Any CPU
		{388DA88C-10BF-4428-82AB-0E815F35B44E}.Debug|Any CPU.Build.0 = Debug|Any CPU
		{388DA88C-10BF-4428-82AB-0E815F35B44E}.Release|Any CPU.ActiveCfg = Release|Any CPU
		{388DA88C-10BF-4428-82AB-0E815F35B44E}.Release|Any CPU.Build.0 = Release|Any CPU
		{9FAD8FFD-6468-4C95-A1B2-7D6BFE564130}.Debug|Any CPU.ActiveCfg = Debug|Any CPU
		{9FAD8FFD-6468-4C95-A1B2-7D6BFE564130}.Debug|Any CPU.Build.0 = Debug|Any CPU
		{9FAD8FFD-6468-4C95-A1B2-7D6BFE564130}.Release|Any CPU.ActiveCfg = Release|Any CPU
		{9FAD8FFD-6468-4C95-A1B2-7D6BFE564130}.Release|Any CPU.Build.0 = Release|Any CPU
		{0652AA21-0AFE-4013-B579-E1896D0EEF99}.Debug|Any CPU.ActiveCfg = Debug|Any CPU
		{0652AA21-0AFE-4013-B579-E1896D0EEF99}.Debug|Any CPU.Build.0 = Debug|Any CPU
		{0652AA21-0AFE-4013-B579-E1896D0EEF99}.Release|Any CPU.ActiveCfg = Release|Any CPU
		{0652AA21-0AFE-4013-B579-E1896D0EEF99}.Release|Any CPU.Build.0 = Release|Any CPU
		{BB24142D-3150-4255-9285-26035EA94D2C}.Debug|Any CPU.ActiveCfg = Debug|Any CPU
		{BB24142D-3150-4255-9285-26035EA94D2C}.Debug|Any CPU.Build.0 = Debug|Any CPU
		{BB24142D-3150-4255-9285-26035EA94D2C}.Release|Any CPU.ActiveCfg = Release|Any CPU
		{BB24142D-3150-4255-9285-26035EA94D2C}.Release|Any CPU.Build.0 = Release|Any CPU
		{4ADC0FDE-B1D2-484A-B319-32ED6F31F45A}.Debug|Any CPU.ActiveCfg = Debug|Any CPU
		{4ADC0FDE-B1D2-484A-B319-32ED6F31F45A}.Debug|Any CPU.Build.0 = Debug|Any CPU
		{4ADC0FDE-B1D2-484A-B319-32ED6F31F45A}.Release|Any CPU.ActiveCfg = Release|Any CPU
		{4ADC0FDE-B1D2-484A-B319-32ED6F31F45A}.Release|Any CPU.Build.0 = Release|Any CPU
		{D1EC5A74-6CDB-47A0-A2EE-21DA6D5D5015}.Debug|Any CPU.ActiveCfg = Debug|Any CPU
		{D1EC5A74-6CDB-47A0-A2EE-21DA6D5D5015}.Debug|Any CPU.Build.0 = Debug|Any CPU
		{D1EC5A74-6CDB-47A0-A2EE-21DA6D5D5015}.Release|Any CPU.ActiveCfg = Release|Any CPU
		{D1EC5A74-6CDB-47A0-A2EE-21DA6D5D5015}.Release|Any CPU.Build.0 = Release|Any CPU
		{7A9B608A-DC43-4CA0-89CF-4538B5FA0897}.Debug|Any CPU.ActiveCfg = Debug|Any CPU
		{7A9B608A-DC43-4CA0-89CF-4538B5FA0897}.Debug|Any CPU.Build.0 = Debug|Any CPU
		{7A9B608A-DC43-4CA0-89CF-4538B5FA0897}.Release|Any CPU.ActiveCfg = Release|Any CPU
		{7A9B608A-DC43-4CA0-89CF-4538B5FA0897}.Release|Any CPU.Build.0 = Release|Any CPU
		{D7D719E1-2563-4499-B1E5-D10B69C938DB}.Debug|Any CPU.ActiveCfg = Debug|Any CPU
		{D7D719E1-2563-4499-B1E5-D10B69C938DB}.Debug|Any CPU.Build.0 = Debug|Any CPU
		{D7D719E1-2563-4499-B1E5-D10B69C938DB}.Release|Any CPU.ActiveCfg = Release|Any CPU
		{D7D719E1-2563-4499-B1E5-D10B69C938DB}.Release|Any CPU.Build.0 = Release|Any CPU
		{5CB41D77-7604-4ECE-A8B3-8A01F508602F}.Debug|Any CPU.ActiveCfg = Debug|Any CPU
		{5CB41D77-7604-4ECE-A8B3-8A01F508602F}.Debug|Any CPU.Build.0 = Debug|Any CPU
		{5CB41D77-7604-4ECE-A8B3-8A01F508602F}.Release|Any CPU.ActiveCfg = Release|Any CPU
		{5CB41D77-7604-4ECE-A8B3-8A01F508602F}.Release|Any CPU.Build.0 = Release|Any CPU
		{5887D54A-AC50-4273-88A0-789975A08A08}.Debug|Any CPU.ActiveCfg = Debug|Any CPU
		{5887D54A-AC50-4273-88A0-789975A08A08}.Debug|Any CPU.Build.0 = Debug|Any CPU
		{5887D54A-AC50-4273-88A0-789975A08A08}.Release|Any CPU.ActiveCfg = Release|Any CPU
		{5887D54A-AC50-4273-88A0-789975A08A08}.Release|Any CPU.Build.0 = Release|Any CPU
		{0A15768D-1D36-4284-971D-C27F2D5EE0B5}.Debug|Any CPU.ActiveCfg = Debug|Any CPU
		{0A15768D-1D36-4284-971D-C27F2D5EE0B5}.Debug|Any CPU.Build.0 = Debug|Any CPU
		{0A15768D-1D36-4284-971D-C27F2D5EE0B5}.Release|Any CPU.ActiveCfg = Release|Any CPU
		{0A15768D-1D36-4284-971D-C27F2D5EE0B5}.Release|Any CPU.Build.0 = Release|Any CPU
		{661BD580-B7E6-4B89-9BF3-AFCE3659617A}.Debug|Any CPU.ActiveCfg = Debug|Any CPU
		{661BD580-B7E6-4B89-9BF3-AFCE3659617A}.Debug|Any CPU.Build.0 = Debug|Any CPU
		{661BD580-B7E6-4B89-9BF3-AFCE3659617A}.Release|Any CPU.ActiveCfg = Release|Any CPU
		{661BD580-B7E6-4B89-9BF3-AFCE3659617A}.Release|Any CPU.Build.0 = Release|Any CPU
		{18BA7893-EDE0-44A5-A886-556B0324B297}.Debug|Any CPU.ActiveCfg = Debug|Any CPU
		{18BA7893-EDE0-44A5-A886-556B0324B297}.Debug|Any CPU.Build.0 = Debug|Any CPU
		{18BA7893-EDE0-44A5-A886-556B0324B297}.Release|Any CPU.ActiveCfg = Release|Any CPU
		{18BA7893-EDE0-44A5-A886-556B0324B297}.Release|Any CPU.Build.0 = Release|Any CPU
		{64CF0272-F69B-423B-B0A1-C1466A5239D1}.Debug|Any CPU.ActiveCfg = Debug|Any CPU
		{64CF0272-F69B-423B-B0A1-C1466A5239D1}.Debug|Any CPU.Build.0 = Debug|Any CPU
		{64CF0272-F69B-423B-B0A1-C1466A5239D1}.Release|Any CPU.ActiveCfg = Release|Any CPU
		{64CF0272-F69B-423B-B0A1-C1466A5239D1}.Release|Any CPU.Build.0 = Release|Any CPU
		{363A187B-B289-46C2-8040-37F8AA442313}.Debug|Any CPU.ActiveCfg = Debug|Any CPU
		{363A187B-B289-46C2-8040-37F8AA442313}.Debug|Any CPU.Build.0 = Debug|Any CPU
		{363A187B-B289-46C2-8040-37F8AA442313}.Release|Any CPU.ActiveCfg = Release|Any CPU
		{363A187B-B289-46C2-8040-37F8AA442313}.Release|Any CPU.Build.0 = Release|Any CPU
		{4113E355-4600-49ED-804D-B0E0498A6B89}.Debug|Any CPU.ActiveCfg = Debug|Any CPU
		{4113E355-4600-49ED-804D-B0E0498A6B89}.Debug|Any CPU.Build.0 = Debug|Any CPU
		{4113E355-4600-49ED-804D-B0E0498A6B89}.Release|Any CPU.ActiveCfg = Release|Any CPU
		{4113E355-4600-49ED-804D-B0E0498A6B89}.Release|Any CPU.Build.0 = Release|Any CPU
		{1814738C-0D57-4A0D-91C3-430182A5D6AE}.Debug|Any CPU.ActiveCfg = Debug|Any CPU
		{1814738C-0D57-4A0D-91C3-430182A5D6AE}.Debug|Any CPU.Build.0 = Debug|Any CPU
		{1814738C-0D57-4A0D-91C3-430182A5D6AE}.Release|Any CPU.ActiveCfg = Release|Any CPU
		{1814738C-0D57-4A0D-91C3-430182A5D6AE}.Release|Any CPU.Build.0 = Release|Any CPU
		{60054DD9-A2E0-460A-ABBA-872132DFE8CF}.Debug|Any CPU.ActiveCfg = Debug|Any CPU
		{60054DD9-A2E0-460A-ABBA-872132DFE8CF}.Debug|Any CPU.Build.0 = Debug|Any CPU
		{60054DD9-A2E0-460A-ABBA-872132DFE8CF}.Release|Any CPU.ActiveCfg = Release|Any CPU
		{60054DD9-A2E0-460A-ABBA-872132DFE8CF}.Release|Any CPU.Build.0 = Release|Any CPU
		{29491BCE-6821-4715-B09B-96C7B86A2705}.Debug|Any CPU.ActiveCfg = Debug|Any CPU
		{29491BCE-6821-4715-B09B-96C7B86A2705}.Debug|Any CPU.Build.0 = Debug|Any CPU
		{29491BCE-6821-4715-B09B-96C7B86A2705}.Release|Any CPU.ActiveCfg = Release|Any CPU
		{29491BCE-6821-4715-B09B-96C7B86A2705}.Release|Any CPU.Build.0 = Release|Any CPU
	EndGlobalSection
	GlobalSection(SolutionProperties) = preSolution
		HideSolutionNode = FALSE
	EndGlobalSection
EndGlobal
